
Microsoft Visual Studio Solution File, Format Version 12.00
# Visual Studio Version 17
VisualStudioVersion = 17.8.34525.116
MinimumVisualStudioVersion = 10.0.40219.1
Project("{FAE04EC0-301F-11D3-BF4B-00C04F79EFBC}") = "Migration", "Migration.csproj", "{FED9EB70-D375-4454-BA15-EE4B63B9E8E8}"
EndProject
Global
	GlobalSection(SolutionConfigurationPlatforms) = preSolution
		Debug|Any CPU = Debug|Any CPU
		Release|Any CPU = Release|Any CPU
	EndGlobalSection
	GlobalSection(ProjectConfigurationPlatforms) = postSolution
		{FED9EB70-D375-4454-BA15-EE4B63B9E8E8}.Debug|Any CPU.ActiveCfg = Debug|Any CPU
		{FED9EB70-D375-4454-BA15-EE4B63B9E8E8}.Debug|Any CPU.Build.0 = Debug|Any CPU
		{FED9EB70-D375-4454-BA15-EE4B63B9E8E8}.Release|Any CPU.ActiveCfg = Release|Any CPU
		{FED9EB70-D375-4454-BA15-EE4B63B9E8E8}.Release|Any CPU.Build.0 = Release|Any CPU
	EndGlobalSection
	GlobalSection(SolutionProperties) = preSolution
		HideSolutionNode = FALSE
	EndGlobalSection
	GlobalSection(ExtensibilityGlobals) = postSolution
		SolutionGuid = {32E36D0D-39AE-402D-8303-F353B78F9B33}
	EndGlobalSection
EndGlobal
